
Microsoft Visual Studio Solution File, Format Version 12.00
# Visual Studio Version 17
VisualStudioVersion = 17.0.31903.59
MinimumVisualStudioVersion = 10.0.40219.1
Project("{2150E333-8FDC-42A3-9474-1A3956D46DE8}") = "src", "src", "{BB45F79D-F0CE-4BDC-8557-E727AA488DEE}"
EndProject
Project("{FAE04EC0-301F-11D3-BF4B-00C04F79EFBC}") = "PDM.Core", "src\PDM.Core\PDM.Core.csproj", "{62CC44CF-56B2-4265-B89B-0317D12ADA0C}"
EndProject
Project("{2150E333-8FDC-42A3-9474-1A3956D46DE8}") = "tests", "tests", "{6FC01CA4-583A-4EC4-BBBF-9839860955E9}"
EndProject
Project("{FAE04EC0-301F-11D3-BF4B-00C04F79EFBC}") = "PDM.Core.Tests", "tests\PDM.Core.Tests\PDM.Core.Tests.csproj", "{D58AB457-81C5-4713-A572-6F6D21E559A5}"
EndProject
Project("{FAE04EC0-301F-11D3-BF4B-00C04F79EFBC}") = "PDM.Cli", "src\PDM.Cli\PDM.Cli.csproj", "{3FE33C1A-C21B-4199-94CE-BB14EF4A9A25}"
EndProject
Project("{FAE04EC0-301F-11D3-BF4B-00C04F79EFBC}") = "PDM.Infrastructure", "src\PDM.Infrastructure\PDM.Infrastructure.csproj", "{35CD2F67-3067-4341-8684-9C9FFFB18DA3}"
EndProject
Project("{FAE04EC0-301F-11D3-BF4B-00C04F79EFBC}") = "PDM.Infrastructure.Tests", "tests\PDM.Infrastructure.Tests\PDM.Infrastructure.Tests.csproj", "{13C515A1-7529-4BBB-B64C-D7EAD85C5849}"
EndProject
Project("{FAE04EC0-301F-11D3-BF4B-00C04F79EFBC}") = "PDM.TestSupport", "tests\PDM.TestSupport\PDM.TestSupport.csproj", "{4545C02B-523B-48F3-975B-3988853AFECE}"
EndProject
Project("{FAE04EC0-301F-11D3-BF4B-00C04F79EFBC}") = "PDM.App", "src\PDM.App\PDM.App.csproj", "{7B887D7F-518B-43BB-8128-54536F9E1DB7}"
EndProject
Project("{FAE04EC0-301F-11D3-BF4B-00C04F79EFBC}") = "PDM.Licensing", "src\PDM.Licensing\PDM.Licensing.csproj", "{C11C9995-2A13-484A-A548-038AB8300887}"
EndProject
Project("{FAE04EC0-301F-11D3-BF4B-00C04F79EFBC}") = "PDM.Licensing.Tests", "tests\PDM.Licensing.Tests\PDM.Licensing.Tests.csproj", "{917C864C-8849-4BFE-913C-C107F712DEB6}"
EndProject
Project("{FAE04EC0-301F-11D3-BF4B-00C04F79EFBC}") = "PDM.Updater", "src\PDM.Updater\PDM.Updater.csproj", "{BEC6DF36-633B-45EA-9253-53BCC902C650}"
EndProject
Project("{FAE04EC0-301F-11D3-BF4B-00C04F79EFBC}") = "PDM.Updater.Tests", "tests\PDM.Updater.Tests\PDM.Updater.Tests.csproj", "{77EFEE8A-67CF-4AA7-B0D0-725F89996615}"
EndProject
Global
	GlobalSection(SolutionConfigurationPlatforms) = preSolution
		Debug|Any CPU = Debug|Any CPU
		Debug|x64 = Debug|x64
		Debug|x86 = Debug|x86
		Release|Any CPU = Release|Any CPU
		Release|x64 = Release|x64
		Release|x86 = Release|x86
	EndGlobalSection
	GlobalSection(ProjectConfigurationPlatforms) = postSolution
		{62CC44CF-56B2-4265-B89B-0317D12ADA0C}.Debug|Any CPU.ActiveCfg = Debug|Any CPU
		{62CC44CF-56B2-4265-B89B-0317D12ADA0C}.Debug|Any CPU.Build.0 = Debug|Any CPU
		{62CC44CF-56B2-4265-B89B-0317D12ADA0C}.Debug|x64.ActiveCfg = Debug|Any CPU
		{62CC44CF-56B2-4265-B89B-0317D12ADA0C}.Debug|x64.Build.0 = Debug|Any CPU
		{62CC44CF-56B2-4265-B89B-0317D12ADA0C}.Debug|x86.ActiveCfg = Debug|Any CPU
		{62CC44CF-56B2-4265-B89B-0317D12ADA0C}.Debug|x86.Build.0 = Debug|Any CPU
		{62CC44CF-56B2-4265-B89B-0317D12ADA0C}.Release|Any CPU.ActiveCfg = Release|Any CPU
		{62CC44CF-56B2-4265-B89B-0317D12ADA0C}.Release|Any CPU.Build.0 = Release|Any CPU
		{62CC44CF-56B2-4265-B89B-0317D12ADA0C}.Release|x64.ActiveCfg = Release|Any CPU
		{62CC44CF-56B2-4265-B89B-0317D12ADA0C}.Release|x64.Build.0 = Release|Any CPU
		{62CC44CF-56B2-4265-B89B-0317D12ADA0C}.Release|x86.ActiveCfg = Release|Any CPU
		{62CC44CF-56B2-4265-B89B-0317D12ADA0C}.Release|x86.Build.0 = Release|Any CPU
		{D58AB457-81C5-4713-A572-6F6D21E559A5}.Debug|Any CPU.ActiveCfg = Debug|Any CPU
		{D58AB457-81C5-4713-A572-6F6D21E559A5}.Debug|Any CPU.Build.0 = Debug|Any CPU
		{D58AB457-81C5-4713-A572-6F6D21E559A5}.Debug|x64.ActiveCfg = Debug|Any CPU
		{D58AB457-81C5-4713-A572-6F6D21E559A5}.Debug|x64.Build.0 = Debug|Any CPU
		{D58AB457-81C5-4713-A572-6F6D21E559A5}.Debug|x86.ActiveCfg = Debug|Any CPU
		{D58AB457-81C5-4713-A572-6F6D21E559A5}.Debug|x86.Build.0 = Debug|Any CPU
		{D58AB457-81C5-4713-A572-6F6D21E559A5}.Release|Any CPU.ActiveCfg = Release|Any CPU
		{D58AB457-81C5-4713-A572-6F6D21E559A5}.Release|Any CPU.Build.0 = Release|Any CPU
		{D58AB457-81C5-4713-A572-6F6D21E559A5}.Release|x64.ActiveCfg = Release|Any CPU
		{D58AB457-81C5-4713-A572-6F6D21E559A5}.Release|x64.Build.0 = Release|Any CPU
		{D58AB457-81C5-4713-A572-6F6D21E559A5}.Release|x86.ActiveCfg = Release|Any CPU
		{D58AB457-81C5-4713-A572-6F6D21E559A5}.Release|x86.Build.0 = Release|Any CPU
		{3FE33C1A-C21B-4199-94CE-BB14EF4A9A25}.Debug|Any CPU.ActiveCfg = Debug|Any CPU
		{3FE33C1A-C21B-4199-94CE-BB14EF4A9A25}.Debug|Any CPU.Build.0 = Debug|Any CPU
		{3FE33C1A-C21B-4199-94CE-BB14EF4A9A25}.Debug|x64.ActiveCfg = Debug|Any CPU
		{3FE33C1A-C21B-4199-94CE-BB14EF4A9A25}.Debug|x64.Build.0 = Debug|Any CPU
		{3FE33C1A-C21B-4199-94CE-BB14EF4A9A25}.Debug|x86.ActiveCfg = Debug|Any CPU
		{3FE33C1A-C21B-4199-94CE-BB14EF4A9A25}.Debug|x86.Build.0 = Debug|Any CPU
		{3FE33C1A-C21B-4199-94CE-BB14EF4A9A25}.Release|Any CPU.ActiveCfg = Release|Any CPU
		{3FE33C1A-C21B-4199-94CE-BB14EF4A9A25}.Release|Any CPU.Build.0 = Release|Any CPU
		{3FE33C1A-C21B-4199-94CE-BB14EF4A9A25}.Release|x64.ActiveCfg = Release|Any CPU
		{3FE33C1A-C21B-4199-94CE-BB14EF4A9A25}.Release|x64.Build.0 = Release|Any CPU
		{3FE33C1A-C21B-4199-94CE-BB14EF4A9A25}.Release|x86.ActiveCfg = Release|Any CPU
		{3FE33C1A-C21B-4199-94CE-BB14EF4A9A25}.Release|x86.Build.0 = Release|Any CPU
		{35CD2F67-3067-4341-8684-9C9FFFB18DA3}.Debug|Any CPU.ActiveCfg = Debug|Any CPU
		{35CD2F67-3067-4341-8684-9C9FFFB18DA3}.Debug|Any CPU.Build.0 = Debug|Any CPU
		{35CD2F67-3067-4341-8684-9C9FFFB18DA3}.Debug|x64.ActiveCfg = Debug|Any CPU
		{35CD2F67-3067-4341-8684-9C9FFFB18DA3}.Debug|x64.Build.0 = Debug|Any CPU
		{35CD2F67-3067-4341-8684-9C9FFFB18DA3}.Debug|x86.ActiveCfg = Debug|Any CPU
		{35CD2F67-3067-4341-8684-9C9FFFB18DA3}.Debug|x86.Build.0 = Debug|Any CPU
		{35CD2F67-3067-4341-8684-9C9FFFB18DA3}.Release|Any CPU.ActiveCfg = Release|Any CPU
		{35CD2F67-3067-4341-8684-9C9FFFB18DA3}.Release|Any CPU.Build.0 = Release|Any CPU
		{35CD2F67-3067-4341-8684-9C9FFFB18DA3}.Release|x64.ActiveCfg = Release|Any CPU
		{35CD2F67-3067-4341-8684-9C9FFFB18DA3}.Release|x64.Build.0 = Release|Any CPU
		{35CD2F67-3067-4341-8684-9C9FFFB18DA3}.Release|x86.ActiveCfg = Release|Any CPU
		{35CD2F67-3067-4341-8684-9C9FFFB18DA3}.Release|x86.Build.0 = Release|Any CPU
		{13C515A1-7529-4BBB-B64C-D7EAD85C5849}.Debug|Any CPU.ActiveCfg = Debug|Any CPU
		{13C515A1-7529-4BBB-B64C-D7EAD85C5849}.Debug|Any CPU.Build.0 = Debug|Any CPU
		{13C515A1-7529-4BBB-B64C-D7EAD85C5849}.Debug|x64.ActiveCfg = Debug|Any CPU
		{13C515A1-7529-4BBB-B64C-D7EAD85C5849}.Debug|x64.Build.0 = Debug|Any CPU
		{13C515A1-7529-4BBB-B64C-D7EAD85C5849}.Debug|x86.ActiveCfg = Debug|Any CPU
		{13C515A1-7529-4BBB-B64C-D7EAD85C5849}.Debug|x86.Build.0 = Debug|Any CPU
		{13C515A1-7529-4BBB-B64C-D7EAD85C5849}.Release|Any CPU.ActiveCfg = Release|Any CPU
		{13C515A1-7529-4BBB-B64C-D7EAD85C5849}.Release|Any CPU.Build.0 = Release|Any CPU
		{13C515A1-7529-4BBB-B64C-D7EAD85C5849}.Release|x64.ActiveCfg = Release|Any CPU
		{13C515A1-7529-4BBB-B64C-D7EAD85C5849}.Release|x64.Build.0 = Release|Any CPU
		{13C515A1-7529-4BBB-B64C-D7EAD85C5849}.Release|x86.ActiveCfg = Release|Any CPU
		{13C515A1-7529-4BBB-B64C-D7EAD85C5849}.Release|x86.Build.0 = Release|Any CPU
		{4545C02B-523B-48F3-975B-3988853AFECE}.Debug|Any CPU.ActiveCfg = Debug|Any CPU
		{4545C02B-523B-48F3-975B-3988853AFECE}.Debug|Any CPU.Build.0 = Debug|Any CPU
		{4545C02B-523B-48F3-975B-3988853AFECE}.Debug|x64.ActiveCfg = Debug|Any CPU
		{4545C02B-523B-48F3-975B-3988853AFECE}.Debug|x64.Build.0 = Debug|Any CPU
		{4545C02B-523B-48F3-975B-3988853AFECE}.Debug|x86.ActiveCfg = Debug|Any CPU
		{4545C02B-523B-48F3-975B-3988853AFECE}.Debug|x86.Build.0 = Debug|Any CPU
		{4545C02B-523B-48F3-975B-3988853AFECE}.Release|Any CPU.ActiveCfg = Release|Any CPU
		{4545C02B-523B-48F3-975B-3988853AFECE}.Release|Any CPU.Build.0 = Release|Any CPU
		{4545C02B-523B-48F3-975B-3988853AFECE}.Release|x64.ActiveCfg = Release|Any CPU
		{4545C02B-523B-48F3-975B-3988853AFECE}.Release|x64.Build.0 = Release|Any CPU
		{4545C02B-523B-48F3-975B-3988853AFECE}.Release|x86.ActiveCfg = Release|Any CPU
		{4545C02B-523B-48F3-975B-3988853AFECE}.Release|x86.Build.0 = Release|Any CPU
		{7B887D7F-518B-43BB-8128-54536F9E1DB7}.Debug|Any CPU.ActiveCfg = Debug|Any CPU
		{7B887D7F-518B-43BB-8128-54536F9E1DB7}.Debug|Any CPU.Build.0 = Debug|Any CPU
		{7B887D7F-518B-43BB-8128-54536F9E1DB7}.Debug|x64.ActiveCfg = Debug|Any CPU
		{7B887D7F-518B-43BB-8128-54536F9E1DB7}.Debug|x64.Build.0 = Debug|Any CPU
		{7B887D7F-518B-43BB-8128-54536F9E1DB7}.Debug|x86.ActiveCfg = Debug|Any CPU
		{7B887D7F-518B-43BB-8128-54536F9E1DB7}.Debug|x86.Build.0 = Debug|Any CPU
		{7B887D7F-518B-43BB-8128-54536F9E1DB7}.Release|Any CPU.ActiveCfg = Release|Any CPU
		{7B887D7F-518B-43BB-8128-54536F9E1DB7}.Release|Any CPU.Build.0 = Release|Any CPU
		{7B887D7F-518B-43BB-8128-54536F9E1DB7}.Release|x64.ActiveCfg = Release|Any CPU
		{7B887D7F-518B-43BB-8128-54536F9E1DB7}.Release|x64.Build.0 = Release|Any CPU
		{7B887D7F-518B-43BB-8128-54536F9E1DB7}.Release|x86.ActiveCfg = Release|Any CPU
		{7B887D7F-518B-43BB-8128-54536F9E1DB7}.Release|x86.Build.0 = Release|Any CPU
		{C11C9995-2A13-484A-A548-038AB8300887}.Debug|Any CPU.ActiveCfg = Debug|Any CPU
		{C11C9995-2A13-484A-A548-038AB8300887}.Debug|Any CPU.Build.0 = Debug|Any CPU
		{C11C9995-2A13-484A-A548-038AB8300887}.Debug|x64.ActiveCfg = Debug|Any CPU
		{C11C9995-2A13-484A-A548-038AB8300887}.Debug|x64.Build.0 = Debug|Any CPU
		{C11C9995-2A13-484A-A548-038AB8300887}.Debug|x86.ActiveCfg = Debug|Any CPU
		{C11C9995-2A13-484A-A548-038AB8300887}.Debug|x86.Build.0 = Debug|Any CPU
		{C11C9995-2A13-484A-A548-038AB8300887}.Release|Any CPU.ActiveCfg = Release|Any CPU
		{C11C9995-2A13-484A-A548-038AB8300887}.Release|Any CPU.Build.0 = Release|Any CPU
		{C11C9995-2A13-484A-A548-038AB8300887}.Release|x64.ActiveCfg = Release|Any CPU
		{C11C9995-2A13-484A-A548-038AB8300887}.Release|x64.Build.0 = Release|Any CPU
		{C11C9995-2A13-484A-A548-038AB8300887}.Release|x86.ActiveCfg = Release|Any CPU
		{C11C9995-2A13-484A-A548-038AB8300887}.Release|x86.Build.0 = Release|Any CPU
		{917C864C-8849-4BFE-913C-C107F712DEB6}.Debug|Any CPU.ActiveCfg = Debug|Any CPU
		{917C864C-8849-4BFE-913C-C107F712DEB6}.Debug|Any CPU.Build.0 = Debug|Any CPU
		{917C864C-8849-4BFE-913C-C107F712DEB6}.Debug|x64.ActiveCfg = Debug|Any CPU
		{917C864C-8849-4BFE-913C-C107F712DEB6}.Debug|x64.Build.0 = Debug|Any CPU
		{917C864C-8849-4BFE-913C-C107F712DEB6}.Debug|x86.ActiveCfg = Debug|Any CPU
		{917C864C-8849-4BFE-913C-C107F712DEB6}.Debug|x86.Build.0 = Debug|Any CPU
		{917C864C-8849-4BFE-913C-C107F712DEB6}.Release|Any CPU.ActiveCfg = Release|Any CPU
		{917C864C-8849-4BFE-913C-C107F712DEB6}.Release|Any CPU.Build.0 = Release|Any CPU
		{917C864C-8849-4BFE-913C-C107F712DEB6}.Release|x64.ActiveCfg = Release|Any CPU
		{917C864C-8849-4BFE-913C-C107F712DEB6}.Release|x64.Build.0 = Release|Any CPU
		{917C864C-8849-4BFE-913C-C107F712DEB6}.Release|x86.ActiveCfg = Release|Any CPU
		{917C864C-8849-4BFE-913C-C107F712DEB6}.Release|x86.Build.0 = Release|Any CPU
		{BEC6DF36-633B-45EA-9253-53BCC902C650}.Debug|Any CPU.ActiveCfg = Debug|Any CPU
		{BEC6DF36-633B-45EA-9253-53BCC902C650}.Debug|Any CPU.Build.0 = Debug|Any CPU
		{BEC6DF36-633B-45EA-9253-53BCC902C650}.Debug|x64.ActiveCfg = Debug|Any CPU
		{BEC6DF36-633B-45EA-9253-53BCC902C650}.Debug|x64.Build.0 = Debug|Any CPU
		{BEC6DF36-633B-45EA-9253-53BCC902C650}.Debug|x86.ActiveCfg = Debug|Any CPU
		{BEC6DF36-633B-45EA-9253-53BCC902C650}.Debug|x86.Build.0 = Debug|Any CPU
		{BEC6DF36-633B-45EA-9253-53BCC902C650}.Release|Any CPU.ActiveCfg = Release|Any CPU
		{BEC6DF36-633B-45EA-9253-53BCC902C650}.Release|Any CPU.Build.0 = Release|Any CPU
		{BEC6DF36-633B-45EA-9253-53BCC902C650}.Release|x64.ActiveCfg = Release|Any CPU
		{BEC6DF36-633B-45EA-9253-53BCC902C650}.Release|x64.Build.0 = Release|Any CPU
		{BEC6DF36-633B-45EA-9253-53BCC902C650}.Release|x86.ActiveCfg = Release|Any CPU
		{BEC6DF36-633B-45EA-9253-53BCC902C650}.Release|x86.Build.0 = Release|Any CPU
		{77EFEE8A-67CF-4AA7-B0D0-725F89996615}.Debug|Any CPU.ActiveCfg = Debug|Any CPU
		{77EFEE8A-67CF-4AA7-B0D0-725F89996615}.Debug|Any CPU.Build.0 = Debug|Any CPU
		{77EFEE8A-67CF-4AA7-B0D0-725F89996615}.Debug|x64.ActiveCfg = Debug|Any CPU
		{77EFEE8A-67CF-4AA7-B0D0-725F89996615}.Debug|x64.Build.0 = Debug|Any CPU
		{77EFEE8A-67CF-4AA7-B0D0-725F89996615}.Debug|x86.ActiveCfg = Debug|Any CPU
		{77EFEE8A-67CF-4AA7-B0D0-725F89996615}.Debug|x86.Build.0 = Debug|Any CPU
		{77EFEE8A-67CF-4AA7-B0D0-725F89996615}.Release|Any CPU.ActiveCfg = Release|Any CPU
		{77EFEE8A-67CF-4AA7-B0D0-725F89996615}.Release|Any CPU.Build.0 = Release|Any CPU
		{77EFEE8A-67CF-4AA7-B0D0-725F89996615}.Release|x64.ActiveCfg = Release|Any CPU
		{77EFEE8A-67CF-4AA7-B0D0-725F89996615}.Release|x64.Build.0 = Release|Any CPU
		{77EFEE8A-67CF-4AA7-B0D0-725F89996615}.Release|x86.ActiveCfg = Release|Any CPU
		{77EFEE8A-67CF-4AA7-B0D0-725F89996615}.Release|x86.Build.0 = Release|Any CPU
	EndGlobalSection
	GlobalSection(SolutionProperties) = preSolution
		HideSolutionNode = FALSE
	EndGlobalSection
	GlobalSection(NestedProjects) = preSolution
		{62CC44CF-56B2-4265-B89B-0317D12ADA0C} = {BB45F79D-F0CE-4BDC-8557-E727AA488DEE}
		{D58AB457-81C5-4713-A572-6F6D21E559A5} = {6FC01CA4-583A-4EC4-BBBF-9839860955E9}
		{3FE33C1A-C21B-4199-94CE-BB14EF4A9A25} = {BB45F79D-F0CE-4BDC-8557-E727AA488DEE}
		{35CD2F67-3067-4341-8684-9C9FFFB18DA3} = {BB45F79D-F0CE-4BDC-8557-E727AA488DEE}
		{13C515A1-7529-4BBB-B64C-D7EAD85C5849} = {6FC01CA4-583A-4EC4-BBBF-9839860955E9}
		{4545C02B-523B-48F3-975B-3988853AFECE} = {6FC01CA4-583A-4EC4-BBBF-9839860955E9}
		{7B887D7F-518B-43BB-8128-54536F9E1DB7} = {BB45F79D-F0CE-4BDC-8557-E727AA488DEE}
		{C11C9995-2A13-484A-A548-038AB8300887} = {BB45F79D-F0CE-4BDC-8557-E727AA488DEE}
		{917C864C-8849-4BFE-913C-C107F712DEB6} = {6FC01CA4-583A-4EC4-BBBF-9839860955E9}
		{BEC6DF36-633B-45EA-9253-53BCC902C650} = {BB45F79D-F0CE-4BDC-8557-E727AA488DEE}
		{77EFEE8A-67CF-4AA7-B0D0-725F89996615} = {6FC01CA4-583A-4EC4-BBBF-9839860955E9}
	EndGlobalSection
EndGlobal
